{
    "_readme": [
        "This file locks the dependencies of your project to a known state",
        "Read more about it at https://getcomposer.org/doc/01-basic-usage.md#installing-dependencies",
        "This file is @generated automatically"
    ],
    "content-hash": "67f1f7ae426d7924a1c379b530cab5a3",
    "packages": [
        {
            "name": "mezon/router",
            "version": "1.5.1",
            "source": {
                "type": "git",
                "url": "https://github.com/alexdodonov/mezon-router.git",
                "reference": "61847e7463e98ef32658b3c4f2c306b2f124ce3c"
            },
            "dist": {
                "type": "zip",
                "url": "https://api.github.com/repos/alexdodonov/mezon-router/zipball/61847e7463e98ef32658b3c4f2c306b2f124ce3c",
                "reference": "61847e7463e98ef32658b3c4f2c306b2f124ce3c",
                "shasum": ""
            },
            "require": {
                "php": ">=7.4.0"
            },
            "require-dev": {
                "infection/infection": "^0.21.5",
                "mezon/functional": "^1.0",
                "phpunit/phpunit": "^8.5",
                "vimeo/psalm": "^4.2"
            },
            "type": "library",
            "autoload": {
                "psr-4": {
                    "Mezon\\Router\\": "Mezon/Router/"
                }
            },
            "notification-url": "https://packagist.org/downloads/",
            "license": [
                "MIT"
            ],
            "authors": [
                {
                    "name": "Dodonov Alexey",
                    "email": "alexey@dodonov.pro",
                    "homepage": "http://gdzone.ru",
                    "role": "Founder"
                }
            ],
            "description": "Small and fast routing framework",
            "homepage": "https://github.com/alexdodonov/mezon-router",
            "support": {
                "email": "alexey@dodonov.pro",
                "issues": "https://github.com/alexdodonov/mezon-router/issues",
                "source": "https://github.com/alexdodonov/mezon-router"
            },
            "time": "2022-07-25T14:29:47+00:00"
        }
    ],
    "packages-dev": [],
    "aliases": [],
    "minimum-stability": "stable",
    "stability-flags": [],
    "prefer-stable": false,
    "prefer-lowest": false,
    "platform": [],
    "platform-dev": [],
    "plugin-api-version": "2.3.0"
}
